{
  "name": "chat-client",
  "version": "1.0.0",
  "lockfileVersion": 1,
  "requires": true,
  "dependencies": {
    "blueimp-md5": {
      "version": "2.19.0",
      "resolved": "https://registry.npmjs.org/blueimp-md5/-/blueimp-md5-2.19.0.tgz",
      "integrity": "sha512-DRQrD6gJyy8FbiE4s+bDoXS9hiW3Vbx5uCdwvcCf3zLHL+Iv7LtGHLpr+GZV8rHG8tK766FGYBwRbu8pELTt+w=="
    },
    "js-audio-recorder": {
      "version": "1.0.7",
      "resolved": "https://registry.npmjs.org/js-audio-recorder/-/js-audio-recorder-1.0.7.tgz",
      "integrity": "sha512-JiDODCElVHGrFyjGYwYyNi7zCbKk9va9C77w+zCPMmi4C6ix7zsX2h3ddHugmo4dOTOTCym9++b/wVW9nC0IaA=="
    },
    "uni-read-pages": {
      "version": "1.0.5",
      "resolved": "https://registry.npmjs.org/uni-read-pages/-/uni-read-pages-1.0.5.tgz",
      "integrity": "sha512-GkrrZ0LX0vn9R5k6RKEi0Ez3Q3e2vUpjXQ8Z6/K/d28KudI9ajqgt8WEjQFlG5EPm1K6uTArN8LlqmZTEixDUA=="
    },
    "uni-simple-router": {
      "version": "2.0.7",
      "resolved": "https://registry.npmjs.org/uni-simple-router/-/uni-simple-router-2.0.7.tgz",
      "integrity": "sha512-8FKv5dw7Eoonm0gkO8udprrxzin0fNUI0+AvIphFkFRH5ZmP5ZWJ2pvnWzb2NiiqQSECTSU5VSB7HhvOSwD5eA=="
    },
    "uqrcodejs": {
      "version": "3.5.1",
      "resolved": "https://registry.npmjs.org/uqrcodejs/-/uqrcodejs-3.5.1.tgz",
      "integrity": "sha512-4HPtnfl+IC2QCsSrKerejl9ZeAKDZZZlpjr0HC5P1dSO/KcwlvuuyNeFkYUsNhhHDRJMVIMqAd/X1vGCyPCr4A=="
    }
  }
}
